// !$*UTF8*$!
{
	archiveVersion = 1;
	classes = {
	};
	objectVersion = 50;
	objects = {

/* Begin PBXBuildFile section */
		9F6D9AF6A6972DBFBD761812 /* Pods_apiTest.framework in Frameworks */ = {isa = PBXBuildFile; fileRef = FB44D21698C96E29D2639912 /* Pods_apiTest.framework */; };
		F1C0AABA26EA15C1002A599E /* AppDelegate.swift in Sources */ = {isa = PBXBuildFile; fileRef = F1C0AAB926EA15C1002A599E /* AppDelegate.swift */; };
		F1C0AABC26EA15C1002A599E /* SceneDelegate.swift in Sources */ = {isa = PBXBuildFile; fileRef = F1C0AABB26EA15C1002A599E /* SceneDelegate.swift */; };
		F1C0AABE26EA15C1002A599E /* ViewController.swift in Sources */ = {isa = PBXBuildFile; fileRef = F1C0AABD26EA15C1002A599E /* ViewController.swift */; };
		F1C0AAC126EA15C1002A599E /* Main.storyboard in Resources */ = {isa = PBXBuildFile; fileRef = F1C0AABF26EA15C1002A599E /* Main.storyboard */; };
		F1C0AAC326EA15C6002A599E /* Assets.xcassets in Resources */ = {isa = PBXBuildFile; fileRef = F1C0AAC226EA15C6002A599E /* Assets.xcassets */; };
		F1C0AAC626EA15C6002A599E /* LaunchScreen.storyboard in Resources */ = {isa = PBXBuildFile; fileRef = F1C0AAC426EA15C6002A599E /* LaunchScreen.storyboard */; };
/* End PBXBuildFile section */

/* Begin PBXFileReference section */
		5A51B607C993D13701B9B7F9 /* Pods-apiTest.debug.xcconfig */ = {isa = PBXFileReference; includeInIndex = 1; lastKnownFileType = text.xcconfig; name = "Pods-apiTest.debug.xcconfig"; path = "Target Support Files/Pods-apiTest/Pods-apiTest.debug.xcconfig"; sourceTree = "<group>"; };
		E8CAEA74E1819CC1203A7DE9 /* Pods-apiTest.release.xcconfig */ = {isa = PBXFileReference; includeInIndex = 1; lastKnownFileType = text.xcconfig; name = "Pods-apiTest.release.xcconfig"; path = "Target Support Files/Pods-apiTest/Pods-apiTest.release.xcconfig"; sourceTree = "<group>"; };
		F1C0AAB626EA15C1002A599E /* apiTest.app */ = {isa = PBXFileReference; explicitFileType = wrapper.application; includeInIndex = 0; path = apiTest.app; sourceTree = BUILT_PRODUCTS_DIR; };
		F1C0AAB926EA15C1002A599E /* AppDelegate.swift */ = {isa = PBXFileReference; lastKnownFileType = sourcecode.swift; path = AppDelegate.swift; sourceTree = "<group>"; };
		F1C0AABB26EA15C1002A599E /* SceneDelegate.swift */ = {isa = PBXFileReference; lastKnownFileType = sourcecode.swift; path = SceneDelegate.swift; sourceTree = "<group>"; };
		F1C0AABD26EA15C1002A599E /* ViewController.swift */ = {isa = PBXFileReference; lastKnownFileType = sourcecode.swift; path = ViewController.swift; sourceTree = "<group>"; };
		F1C0AAC026EA15C1002A599E /* Base */ = {isa = PBXFileReference; lastKnownFileType = file.storyboard; name = Base; path = Base.lproj/Main.storyboard; sourceTree = "<group>"; };
		F1C0AAC226EA15C6002A599E /* Assets.xcassets */ = {isa = PBXFileReference; lastKnownFileType = folder.assetcatalog; path = Assets.xcassets; sourceTree = "<group>"; };
		F1C0AAC526EA15C6002A599E /* Base */ = {isa = PBXFileReference; lastKnownFileType = file.storyboard; name = Base; path = Base.lproj/LaunchScreen.storyboard; sourceTree = "<group>"; };
		F1C0AAC726EA15C6002A599E /* Info.plist */ = {isa = PBXFileReference; lastKnownFileType = text.plist.xml; path = Info.plist; sourceTree = "<group>"; };
		FB44D21698C96E29D2639912 /* Pods_apiTest.framework */ = {isa = PBXFileReference; explicitFileType = wrapper.framework; includeInIndex = 0; path = Pods_apiTest.framework; sourceTree = BUILT_PRODUCTS_DIR; };
/* End PBXFileReference section */

/* Begin PBXFrameworksBuildPhase section */
		F1C0AAB326EA15C1002A599E /* Frameworks */ = {
			isa = PBXFrameworksBuildPhase;
			buildActionMask = 2147483647;
			files = (
				9F6D9AF6A6972DBFBD761812 /* Pods_apiTest.framework in Frameworks */,
			);
			runOnlyForDeploymentPostprocessing = 0;
		};
/* End PBXFrameworksBuildPhase section */

/* Begin PBXGroup section */
		7E6018C0674E9E4C4946EACC /* Pods */ = {
			isa = PBXGroup;
			children = (
				5A51B607C993D13701B9B7F9 /* Pods-apiTest.debug.xcconfig */,
				E8CAEA74E1819CC1203A7DE9 /* Pods-apiTest.release.xcconfig */,
			);
			name = Pods;
			path = Pods;
			sourceTree = "<group>";
		};
		AFF7C050174AEAAAE14D6C12 /* Frameworks */ = {
			isa = PBXGroup;
			children = (
				FB44D21698C96E29D2639912 /* Pods_apiTest.framework */,
			);
			name = Frameworks;
			sourceTree = "<group>";
		};
		F1C0AAAD26EA15C1002A599E = {
			isa = PBXGroup;
			children = (
				F1C0AAB826EA15C1002A599E /* apiTest */,
				F1C0AAB726EA15C1002A599E /* Products */,
				7E6018C0674E9E4C4946EACC /* Pods */,
				AFF7C050174AEAAAE14D6C12 /* Frameworks */,
			);
			sourceTree = "<group>";
		};
		F1C0AAB726EA15C1002A599E /* Products */ = {
			isa = PBXGroup;
			children = (
				F1C0AAB626EA15C1002A599E /* apiTest.app */,
			);
			name = Products;
			sourceTree = "<group>";
		};
		F1C0AAB826EA15C1002A599E /* apiTest */ = {
			isa = PBXGroup;
			children = (
				F1C0AAB926EA15C1002A599E /* AppDelegate.swift */,
				F1C0AABB26EA15C1002A599E /* SceneDelegate.swift */,
				F1C0AABD26EA15C1002A599E /* ViewController.swift */,
				F1C0AABF26EA15C1002A599E /* Main.storyboard */,
				F1C0AAC226EA15C6002A599E /* Assets.xcassets */,
				F1C0AAC426EA15C6002A599E /* LaunchScreen.storyboard */,
				F1C0AAC726EA15C6002A599E /* Info.plist */,
			);
			path = apiTest;
			sourceTree = "<group>";
		};
/* End PBXGroup section */

/* Begin PBXNativeTarget section */
		F1C0AAB526EA15C1002A599E /* apiTest */ = {
			isa = PBXNativeTarget;
			buildConfigurationList = F1C0AACA26EA15C6002A599E /* Build configuration list for PBXNativeTarget "apiTest" */;
			buildPhases = (
				A45AE233305FAE4FF132593C /* [CP] Check Pods Manifest.lock */,
				F1C0AAB226EA15C1002A599E /* Sources */,
				F1C0AAB326EA15C1002A599E /* Frameworks */,
				F1C0AAB426EA15C1002A599E /* Resources */,
				06CF68722B99117D93AC5533 /* [CP] Embed Pods Frameworks */,
			);
			buildRules = (
			);
			dependencies = (
			);
			name = apiTest;
			productName = apiTest;
			productReference = F1C0AAB626EA15C1002A599E /* apiTest.app */;
			productType = "com.apple.product-type.application";
		};
/* End PBXNativeTarget section */

/* Begin PBXProject section */
		F1C0AAAE26EA15C1002A599E /* Project object */ = {
			isa = PBXProject;
			attributes = {
				LastSwiftUpdateCheck = 1240;
				LastUpgradeCheck = 1240;
				TargetAttributes = {
					F1C0AAB526EA15C1002A599E = {
						CreatedOnToolsVersion = 12.4;
					};
				};
			};
			buildConfigurationList = F1C0AAB126EA15C1002A599E /* Build configuration list for PBXProject "apiTest" */;
			compatibilityVersion = "Xcode 9.3";
			developmentRegion = en;
			hasScannedForEncodings = 0;
			knownRegions = (
				en,
				Base,
			);
			mainGroup = F1C0AAAD26EA15C1002A599E;
			productRefGroup = F1C0AAB726EA15C1002A599E /* Products */;
			projectDirPath = "";
			projectRoot = "";
			targets = (
				F1C0AAB526EA15C1002A599E /* apiTest */,
			);
		};
/* End PBXProject section */

/* Begin PBXResourcesBuildPhase section */
		F1C0AAB426EA15C1002A599E /* Resources */ = {
			isa = PBXResourcesBuildPhase;
			buildActionMask = 2147483647;
			files = (
				F1C0AAC626EA15C6002A599E /* LaunchScreen.storyboard in Resources */,
				F1C0AAC326EA15C6002A599E /* Assets.xcassets in Resources */,
				F1C0AAC126EA15C1002A599E /* Main.storyboard in Resources */,
			);
			runOnlyForDeploymentPostprocessing = 0;
		};
/* End PBXResourcesBuildPhase section */

/* Begin PBXShellScriptBuildPhase section */
		06CF68722B99117D93AC5533 /* [CP] Embed Pods Frameworks */ = {
			isa = PBXShellScriptBuildPhase;
			buildActionMask = 2147483647;
			files = (
			);
			inputFileListPaths = (
				"${PODS_ROOT}/Target Support Files/Pods-apiTest/Pods-apiTest-frameworks-${CONFIGURATION}-input-files.xcfilelist",
			);
			name = "[CP] Embed Pods Frameworks";
			outputFileListPaths = (
				"${PODS_ROOT}/Target Support Files/Pods-apiTest/Pods-apiTest-frameworks-${CONFIGURATION}-output-files.xcfilelist",
			);
			runOnlyForDeploymentPostprocessing = 0;
			shellPath = /bin/sh;
			shellScript = "\"${PODS_ROOT}/Target Support Files/Pods-apiTest/Pods-apiTest-frameworks.sh\"\n";
			showEnvVarsInLog = 0;
		};
		A45AE233305FAE4FF132593C /* [CP] Check Pods Manifest.lock */ = {
			isa = PBXShellScriptBuildPhase;
			buildActionMask = 2147483647;
			files = (
			);
			inputFileListPaths = (
			);
			inputPaths = (
				"${PODS_PODFILE_DIR_PATH}/Podfile.lock",
				"${PODS_ROOT}/Manifest.lock",
			);
			name = "[CP] Check Pods Manifest.lock";
			outputFileListPaths = (
			);
			outputPaths = (
				"$(DERIVED_FILE_DIR)/Pods-apiTest-checkManifestLockResult.txt",
			);
			runOnlyForDeploymentPostprocessing = 0;
			shellPath = /bin/sh;
			shellScript = "diff \"${PODS_PODFILE_DIR_PATH}/Podfile.lock\" \"${PODS_ROOT}/Manifest.lock\" > /dev/null\nif [ $? != 0 ] ; then\n    # print error to STDERR\n    echo \"error: The sandbox is not in sync with the Podfile.lock. Run 'pod install' or update your CocoaPods installation.\" >&2\n    exit 1\nfi\n# This output is used by Xcode 'outputs' to avoid re-running this script phase.\necho \"SUCCESS\" > \"${SCRIPT_OUTPUT_FILE_0}\"\n";
			showEnvVarsInLog = 0;
		};
/* End PBXShellScriptBuildPhase section */

/* Begin PBXSourcesBuildPhase section */
		F1C0AAB226EA15C1002A599E /* Sources */ = {
			isa = PBXSourcesBuildPhase;
			buildActionMask = 2147483647;
			files = (
				F1C0AABE26EA15C1002A599E /* ViewController.swift in Sources */,
				F1C0AABA26EA15C1002A599E /* AppDelegate.swift in Sources */,
				F1C0AABC26EA15C1002A599E /* SceneDelegate.swift in Sources */,
			);
			runOnlyForDeploymentPostprocessing = 0;
		};
/* End PBXSourcesBuildPhase section */

/* Begin PBXVariantGroup section */
		F1C0AABF26EA15C1002A599E /* Main.storyboard */ = {
			isa = PBXVariantGroup;
			children = (
				F1C0AAC026EA15C1002A599E /* Base */,
			);
			name = Main.storyboard;
			sourceTree = "<group>";
		};
		F1C0AAC426EA15C6002A599E /* LaunchScreen.storyboard */ = {
			isa = PBXVariantGroup;
			children = (
				F1C0AAC526EA15C6002A599E /* Base */,
			);
			name = LaunchScreen.storyboard;
			sourceTree = "<group>";
		};
/* End PBXVariantGroup section */

/* Begin XCBuildConfiguration section */
		F1C0AAC826EA15C6002A599E /* Debug */ = {
			isa = XCBuildConfiguration;
			buildSettings = {
				ALWAYS_SEARCH_USER_PATHS = NO;
				CLANG_ANALYZER_NONNULL = YES;
				CLANG_ANALYZER_NUMBER_OBJECT_CONVERSION = YES_AGGRESSIVE;
				CLANG_CXX_LANGUAGE_STANDARD = "gnu++14";
				CLANG_CXX_LIBRARY = "libc++";
				CLANG_ENABLE_MODULES = YES;
				CLANG_ENABLE_OBJC_ARC = YES;
				CLANG_ENABLE_OBJC_WEAK = YES;
				CLANG_WARN_BLOCK_CAPTURE_AUTORELEASING = YES;
				CLANG_WARN_BOOL_CONVERSION = YES;
				CLANG_WARN_COMMA = YES;
				CLANG_WARN_CONSTANT_CONVERSION = YES;
				CLANG_WARN_DEPRECATED_OBJC_IMPLEMENTATIONS = YES;
				CLANG_WARN_DIRECT_OBJC_ISA_USAGE = YES_ERROR;
				CLANG_WARN_DOCUMENTATION_COMMENTS = YES;
				CLANG_WARN_EMPTY_BODY = YES;
				CLANG_WARN_ENUM_CONVERSION = YES;
				CLANG_WARN_INFINITE_RECURSION = YES;
				CLANG_WARN_INT_CONVERSION = YES;
				CLANG_WARN_NON_LITERAL_NULL_CONVERSION = YES;
				CLANG_WARN_OBJC_IMPLICIT_RETAIN_SELF = YES;
				CLANG_WARN_OBJC_LITERAL_CONVERSION = YES;
				CLANG_WARN_OBJC_ROOT_CLASS = YES_ERROR;
				CLANG_WARN_QUOTED_INCLUDE_IN_FRAMEWORK_HEADER = YES;
				CLANG_WARN_RANGE_LOOP_ANALYSIS = YES;
				CLANG_WARN_STRICT_PROTOTYPES = YES;
				CLANG_WARN_SUSPICIOUS_MOVE = YES;
				CLANG_WARN_UNGUARDED_AVAILABILITY = YES_AGGRESSIVE;
				CLANG_WARN_UNREACHABLE_CODE = YES;
				CLANG_WARN__DUPLICATE_METHOD_MATCH = YES;
				COPY_PHASE_STRIP = NO;
				DEBUG_INFORMATION_FORMAT = dwarf;
				ENABLE_STRICT_OBJC_MSGSEND = YES;
				ENABLE_TESTABILITY = YES;
				GCC_C_LANGUAGE_STANDARD = gnu11;
				GCC_DYNAMIC_NO_PIC = NO;
				GCC_NO_COMMON_BLOCKS = YES;
				GCC_OPTIMIZATION_LEVEL = 0;
				GCC_PREPROCESSOR_DEFINITIONS = (
					"DEBUG=1",
					"$(inherited)",
				);
				GCC_WARN_64_TO_32_BIT_CONVERSION = YES;
				GCC_WARN_ABOUT_RETURN_TYPE = YES_ERROR;
				GCC_WARN_UNDECLARED_SELECTOR = YES;
				GCC_WARN_UNINITIALIZED_AUTOS = YES_AGGRESSIVE;
				GCC_WARN_UNUSED_FUNCTION = YES;
				GCC_WARN_UNUSED_VARIABLE = YES;
				IPHONEOS_DEPLOYMENT_TARGET = 14.4;
				MTL_ENABLE_DEBUG_INFO = INCLUDE_SOURCE;
				MTL_FAST_MATH = YES;
				ONLY_ACTIVE_ARCH = YES;
				SDKROOT = iphoneos;
				SWIFT_ACTIVE_COMPILATION_CONDITIONS = DEBUG;
				SWIFT_OPTIMIZATION_LEVEL = "-Onone";
			};
			name = Debug;
		};
		F1C0AAC926EA15C6002A599E /* Release */ = {
			isa = XCBuildConfiguration;
			buildSettings = {
				ALWAYS_SEARCH_USER_PATHS = NO;
				CLANG_ANALYZER_NONNULL = YES;
				CLANG_ANALYZER_NUMBER_OBJECT_CONVERSION = YES_AGGRESSIVE;
				CLANG_CXX_LANGUAGE_STANDARD = "gnu++14";
				CLANG_CXX_LIBRARY = "libc++";
				CLANG_ENABLE_MODULES = YES;
				CLANG_ENABLE_OBJC_ARC = YES;
				CLANG_ENABLE_OBJC_WEAK = YES;
				CLANG_WARN_BLOCK_CAPTURE_AUTORELEASING = YES;
				CLANG_WARN_BOOL_CONVERSION = YES;
				CLANG_WARN_COMMA = YES;
				CLANG_WARN_CONSTANT_CONVERSION = YES;
				CLANG_WARN_DEPRECATED_OBJC_IMPLEMENTATIONS = YES;
				CLANG_WARN_DIRECT_OBJC_ISA_USAGE = YES_ERROR;
				CLANG_WARN_DOCUMENTATION_COMMENTS = YES;
				CLANG_WARN_EMPTY_BODY = YES;
				CLANG_WARN_ENUM_CONVERSION = YES;
				CLANG_WARN_INFINITE_RECURSION = YES;
				CLANG_WARN_INT_CONVERSION = YES;
				CLANG_WARN_NON_LITERAL_NULL_CONVERSION = YES;
				CLANG_WARN_OBJC_IMPLICIT_RETAIN_SELF = YES;
				CLANG_WARN_OBJC_LITERAL_CONVERSION = YES;
				CLANG_WARN_OBJC_ROOT_CLASS = YES_ERROR;
				CLANG_WARN_QUOTED_INCLUDE_IN_FRAMEWORK_HEADER = YES;
				CLANG_WARN_RANGE_LOOP_ANALYSIS = YES;
				CLANG_WARN_STRICT_PROTOTYPES = YES;
				CLANG_WARN_SUSPICIOUS_MOVE = YES;
				CLANG_WARN_UNGUARDED_AVAILABILITY = YES_AGGRESSIVE;
				CLANG_WARN_UNREACHABLE_CODE = YES;
				CLANG_WARN__DUPLICATE_METHOD_MATCH = YES;
				COPY_PHASE_STRIP = NO;
				DEBUG_INFORMATION_FORMAT = "dwarf-with-dsym";
				ENABLE_NS_ASSERTIONS = NO;
				ENABLE_STRICT_OBJC_MSGSEND = YES;
				GCC_C_LANGUAGE_STANDARD = gnu11;
				GCC_NO_COMMON_BLOCKS = YES;
				GCC_WARN_64_TO_32_BIT_CONVERSION = YES;
				GCC_WARN_ABOUT_RETURN_TYPE = YES_ERROR;
				GCC_WARN_UNDECLARED_SELECTOR = YES;
				GCC_WARN_UNINITIALIZED_AUTOS = YES_AGGRESSIVE;
				GCC_WARN_UNUSED_FUNCTION = YES;
				GCC_WARN_UNUSED_VARIABLE = YES;
				IPHONEOS_DEPLOYMENT_TARGET = 14.4;
				MTL_ENABLE_DEBUG_INFO = NO;
				MTL_FAST_MATH = YES;
				SDKROOT = iphoneos;
				SWIFT_COMPILATION_MODE = wholemodule;
				SWIFT_OPTIMIZATION_LEVEL = "-O";
				VALIDATE_PRODUCT = YES;
			};
			name = Release;
		};
		F1C0AACB26EA15C6002A599E /* Debug */ = {
			isa = XCBuildConfiguration;
			baseConfigurationReference = 5A51B607C993D13701B9B7F9 /* Pods-apiTest.debug.xcconfig */;
			buildSettings = {
				ASSETCATALOG_COMPILER_APPICON_NAME = AppIcon;
				ASSETCATALOG_COMPILER_GLOBAL_ACCENT_COLOR_NAME = AccentColor;
				CODE_SIGN_STYLE = Automatic;
				INFOPLIST_FILE = apiTest/Info.plist;
				LD_RUNPATH_SEARCH_PATHS = (
					"$(inherited)",
					"@executable_path/Frameworks",
				);
				PRODUCT_BUNDLE_IDENTIFIER = com.sian.apiTest;
				PRODUCT_NAME = "$(TARGET_NAME)";
				SWIFT_VERSION = 5.0;
				TARGETED_DEVICE_FAMILY = "1,2";
			};
			name = Debug;
		};
		F1C0AACC26EA15C6002A599E /* Release */ = {
			isa = XCBuildConfiguration;
			baseConfigurationReference = E8CAEA74E1819CC1203A7DE9 /* Pods-apiTest.release.xcconfig */;
			buildSettings = {
				ASSETCATALOG_COMPILER_APPICON_NAME = AppIcon;
				ASSETCATALOG_COMPILER_GLOBAL_ACCENT_COLOR_NAME = AccentColor;
				CODE_SIGN_STYLE = Automatic;
				INFOPLIST_FILE = apiTest/Info.plist;
				LD_RUNPATH_SEARCH_PATHS = (
					"$(inherited)",
					"@executable_path/Frameworks",
				);
				PRODUCT_BUNDLE_IDENTIFIER = com.sian.apiTest;
				PRODUCT_NAME = "$(TARGET_NAME)";
				SWIFT_VERSION = 5.0;
				TARGETED_DEVICE_FAMILY = "1,2";
			};
			name = Release;
		};
/* End XCBuildConfiguration section */

/* Begin XCConfigurationList section */
		F1C0AAB126EA15C1002A599E /* Build configuration list for PBXProject "apiTest" */ = {
			isa = XCConfigurationList;
			buildConfigurations = (
				F1C0AAC826EA15C6002A599E /* Debug */,
				F1C0AAC926EA15C6002A599E /* Release */,
			);
			defaultConfigurationIsVisible = 0;
			defaultConfigurationName = Release;
		};
		F1C0AACA26EA15C6002A599E /* Build configuration list for PBXNativeTarget "apiTest" */ = {
			isa = XCConfigurationList;
			buildConfigurations = (
				F1C0AACB26EA15C6002A599E /* Debug */,
				F1C0AACC26EA15C6002A599E /* Release */,
			);
			defaultConfigurationIsVisible = 0;
			defaultConfigurationName = Release;
		};
/* End XCConfigurationList section */
	};
	rootObject = F1C0AAAE26EA15C1002A599E /* Project object */;
}
